
Microsoft Visual Studio Solution File, Format Version 11.00
# Visual Studio 2010
Project("{FAE04EC0-301F-11D3-BF4B-00C04F79EFBC}") = "business card", "Assembly-CSharp.csproj", "{61E17ABB-6BBB-AC98-3C32-AEEB6BA31A70}"
EndProject
Project("{FAE04EC0-301F-11D3-BF4B-00C04F79EFBC}") = "business card", "Assembly-CSharp-Editor.csproj", "{7EC0B00A-8044-D3EA-002E-6408FA7300DC}"
EndProject
Global
	GlobalSection(SolutionConfigurationPlatforms) = preSolution
		Debug|Any CPU = Debug|Any CPU
		Release|Any CPU = Release|Any CPU
	EndGlobalSection
	GlobalSection(ProjectConfigurationPlatforms) = postSolution
		{61E17ABB-6BBB-AC98-3C32-AEEB6BA31A70}.Debug|Any CPU.ActiveCfg = Debug|Any CPU
		{61E17ABB-6BBB-AC98-3C32-AEEB6BA31A70}.Debug|Any CPU.Build.0 = Debug|Any CPU
		{61E17ABB-6BBB-AC98-3C32-AEEB6BA31A70}.Release|Any CPU.ActiveCfg = Release|Any CPU
		{61E17ABB-6BBB-AC98-3C32-AEEB6BA31A70}.Release|Any CPU.Build.0 = Release|Any CPU
		{7EC0B00A-8044-D3EA-002E-6408FA7300DC}.Debug|Any CPU.ActiveCfg = Debug|Any CPU
		{7EC0B00A-8044-D3EA-002E-6408FA7300DC}.Debug|Any CPU.Build.0 = Debug|Any CPU
		{7EC0B00A-8044-D3EA-002E-6408FA7300DC}.Release|Any CPU.ActiveCfg = Release|Any CPU
		{7EC0B00A-8044-D3EA-002E-6408FA7300DC}.Release|Any CPU.Build.0 = Release|Any CPU
	EndGlobalSection
	GlobalSection(SolutionProperties) = preSolution
		HideSolutionNode = FALSE
	EndGlobalSection
	GlobalSection(MonoDevelopProperties) = preSolution
		StartupItem = Assembly-CSharp.csproj
	EndGlobalSection
EndGlobal
